
Microsoft Visual Studio Solution File, Format Version 12.00
# Visual Studio Version 16
VisualStudioVersion = 16.0.32228.343
MinimumVisualStudioVersion = 10.0.40219.1
Project("{9A19103F-16F7-4668-BE54-9A1E7A4F7556}") = "HazeronDiscordBot", "HazeronDiscordBot\HazeronDiscordBot.csproj", "{980B644C-5EE1-419B-9245-5E27EC0668FC}"
EndProject
Project("{9A19103F-16F7-4668-BE54-9A1E7A4F7556}") = "HazeronDiscordBot.XmlDatabase", "HazeronDiscordBot.XmlDatabase\HazeronDiscordBot.XmlDatabase.csproj", "{61C7E8D1-85B5-4D97-875B-601D52A967F9}"
EndProject
Global
	GlobalSection(SolutionConfigurationPlatforms) = preSolution
		Debug|Any CPU = Debug|Any CPU
		Release|Any CPU = Release|Any CPU
	EndGlobalSection
	GlobalSection(ProjectConfigurationPlatforms) = postSolution
		{980B644C-5EE1-419B-9245-5E27EC0668FC}.Debug|Any CPU.ActiveCfg = Debug|Any CPU
		{980B644C-5EE1-419B-9245-5E27EC0668FC}.Debug|Any CPU.Build.0 = Debug|Any CPU
		{980B644C-5EE1-419B-9245-5E27EC0668FC}.Release|Any CPU.ActiveCfg = Release|Any CPU
		{980B644C-5EE1-419B-9245-5E27EC0668FC}.Release|Any CPU.Build.0 = Release|Any CPU
		{61C7E8D1-85B5-4D97-875B-601D52A967F9}.Debug|Any CPU.ActiveCfg = Debug|Any CPU
		{61C7E8D1-85B5-4D97-875B-601D52A967F9}.Debug|Any CPU.Build.0 = Debug|Any CPU
		{61C7E8D1-85B5-4D97-875B-601D52A967F9}.Release|Any CPU.ActiveCfg = Release|Any CPU
		{61C7E8D1-85B5-4D97-875B-601D52A967F9}.Release|Any CPU.Build.0 = Release|Any CPU
	EndGlobalSection
	GlobalSection(SolutionProperties) = preSolution
		HideSolutionNode = FALSE
	EndGlobalSection
	GlobalSection(ExtensibilityGlobals) = postSolution
		SolutionGuid = {0666D984-2B32-475D-AE55-B8939B66FE4D}
	EndGlobalSection
EndGlobal
